// !$*UTF8*$!
{
	archiveVersion = 1;
	classes = {
	};
	objectVersion = 50;
	objects = {

/* Begin PBXBuildFile section */
		4B319F3F23BDBD480033641D /* AppDelegate.swift in Sources */ = {isa = PBXBuildFile; fileRef = 4B319F3E23BDBD480033641D /* AppDelegate.swift */; };
		4B319F4123BDBD480033641D /* SceneDelegate.swift in Sources */ = {isa = PBXBuildFile; fileRef = 4B319F4023BDBD480033641D /* SceneDelegate.swift */; };
		4B319F4323BDBD480033641D /* ViewController.swift in Sources */ = {isa = PBXBuildFile; fileRef = 4B319F4223BDBD480033641D /* ViewController.swift */; };
		4B319F4623BDBD480033641D /* Main.storyboard in Resources */ = {isa = PBXBuildFile; fileRef = 4B319F4423BDBD480033641D /* Main.storyboard */; };
		4B319F4823BDBD4C0033641D /* Assets.xcassets in Resources */ = {isa = PBXBuildFile; fileRef = 4B319F4723BDBD4C0033641D /* Assets.xcassets */; };
		4B319F4B23BDBD4C0033641D /* LaunchScreen.storyboard in Resources */ = {isa = PBXBuildFile; fileRef = 4B319F4923BDBD4C0033641D /* LaunchScreen.storyboard */; };
		4B319F5623BDBD4D0033641D /* json_fetch_2ndjanTests.swift in Sources */ = {isa = PBXBuildFile; fileRef = 4B319F5523BDBD4D0033641D /* json_fetch_2ndjanTests.swift */; };
		4B319F6123BDBD4D0033641D /* json_fetch_2ndjanUITests.swift in Sources */ = {isa = PBXBuildFile; fileRef = 4B319F6023BDBD4D0033641D /* json_fetch_2ndjanUITests.swift */; };
/* End PBXBuildFile section */

/* Begin PBXContainerItemProxy section */
		4B319F5223BDBD4D0033641D /* PBXContainerItemProxy */ = {
			isa = PBXContainerItemProxy;
			containerPortal = 4B319F3323BDBD480033641D /* Project object */;
			proxyType = 1;
			remoteGlobalIDString = 4B319F3A23BDBD480033641D;
			remoteInfo = json_fetch_2ndjan;
		};
		4B319F5D23BDBD4D0033641D /* PBXContainerItemProxy */ = {
			isa = PBXContainerItemProxy;
			containerPortal = 4B319F3323BDBD480033641D /* Project object */;
			proxyType = 1;
			remoteGlobalIDString = 4B319F3A23BDBD480033641D;
			remoteInfo = json_fetch_2ndjan;
		};
/* End PBXContainerItemProxy section */

/* Begin PBXFileReference section */
		4B319F3B23BDBD480033641D /* json_fetch_2ndjan.app */ = {isa = PBXFileReference; explicitFileType = wrapper.application; includeInIndex = 0; path = json_fetch_2ndjan.app; sourceTree = BUILT_PRODUCTS_DIR; };
		4B319F3E23BDBD480033641D /* AppDelegate.swift */ = {isa = PBXFileReference; lastKnownFileType = sourcecode.swift; path = AppDelegate.swift; sourceTree = "<group>"; };
		4B319F4023BDBD480033641D /* SceneDelegate.swift */ = {isa = PBXFileReference; lastKnownFileType = sourcecode.swift; path = SceneDelegate.swift; sourceTree = "<group>"; };
		4B319F4223BDBD480033641D /* ViewController.swift */ = {isa = PBXFileReference; lastKnownFileType = sourcecode.swift; path = ViewController.swift; sourceTree = "<group>"; };
		4B319F4523BDBD480033641D /* Base */ = {isa = PBXFileReference; lastKnownFileType = file.storyboard; name = Base; path = Base.lproj/Main.storyboard; sourceTree = "<group>"; };
		4B319F4723BDBD4C0033641D /* Assets.xcassets */ = {isa = PBXFileReference; lastKnownFileType = folder.assetcatalog; path = Assets.xcassets; sourceTree = "<group>"; };
		4B319F4A23BDBD4C0033641D /* Base */ = {isa = PBXFileReference; lastKnownFileType = file.storyboard; name = Base; path = Base.lproj/LaunchScreen.storyboard; sourceTree = "<group>"; };
		4B319F4C23BDBD4C0033641D /* Info.plist */ = {isa = PBXFileReference; lastKnownFileType = text.plist.xml; path = Info.plist; sourceTree = "<group>"; };
		4B319F5123BDBD4D0033641D /* json_fetch_2ndjanTests.xctest */ = {isa = PBXFileReference; explicitFileType = wrapper.cfbundle; includeInIndex = 0; path = json_fetch_2ndjanTests.xctest; sourceTree = BUILT_PRODUCTS_DIR; };
		4B319F5523BDBD4D0033641D /* json_fetch_2ndjanTests.swift */ = {isa = PBXFileReference; lastKnownFileType = sourcecode.swift; path = json_fetch_2ndjanTests.swift; sourceTree = "<group>"; };
		4B319F5723BDBD4D0033641D /* Info.plist */ = {isa = PBXFileReference; lastKnownFileType = text.plist.xml; path = Info.plist; sourceTree = "<group>"; };
		4B319F5C23BDBD4D0033641D /* json_fetch_2ndjanUITests.xctest */ = {isa = PBXFileReference; explicitFileType = wrapper.cfbundle; includeInIndex = 0; path = json_fetch_2ndjanUITests.xctest; sourceTree = BUILT_PRODUCTS_DIR; };
		4B319F6023BDBD4D0033641D /* json_fetch_2ndjanUITests.swift */ = {isa = PBXFileReference; lastKnownFileType = sourcecode.swift; path = json_fetch_2ndjanUITests.swift; sourceTree = "<group>"; };
		4B319F6223BDBD4D0033641D /* Info.plist */ = {isa = PBXFileReference; lastKnownFileType = text.plist.xml; path = Info.plist; sourceTree = "<group>"; };
/* End PBXFileReference section */

/* Begin PBXFrameworksBuildPhase section */
		4B319F3823BDBD480033641D /* Frameworks */ = {
			isa = PBXFrameworksBuildPhase;
			buildActionMask = 2147483647;
			files = (
			);
			runOnlyForDeploymentPostprocessing = 0;
		};
		4B319F4E23BDBD4D0033641D /* Frameworks */ = {
			isa = PBXFrameworksBuildPhase;
			buildActionMask = 2147483647;
			files = (
			);
			runOnlyForDeploymentPostprocessing = 0;
		};
		4B319F5923BDBD4D0033641D /* Frameworks */ = {
			isa = PBXFrameworksBuildPhase;
			buildActionMask = 2147483647;
			files = (
			);
			runOnlyForDeploymentPostprocessing = 0;
		};
/* End PBXFrameworksBuildPhase section */

/* Begin PBXGroup section */
		4B319F3223BDBD480033641D = {
			isa = PBXGroup;
			children = (
				4B319F3D23BDBD480033641D /* json_fetch_2ndjan */,
				4B319F5423BDBD4D0033641D /* json_fetch_2ndjanTests */,
				4B319F5F23BDBD4D0033641D /* json_fetch_2ndjanUITests */,
				4B319F3C23BDBD480033641D /* Products */,
			);
			sourceTree = "<group>";
		};
		4B319F3C23BDBD480033641D /* Products */ = {
			isa = PBXGroup;
			children = (
				4B319F3B23BDBD480033641D /* json_fetch_2ndjan.app */,
				4B319F5123BDBD4D0033641D /* json_fetch_2ndjanTests.xctest */,
				4B319F5C23BDBD4D0033641D /* json_fetch_2ndjanUITests.xctest */,
			);
			name = Products;
			sourceTree = "<group>";
		};
		4B319F3D23BDBD480033641D /* json_fetch_2ndjan */ = {
			isa = PBXGroup;
			children = (
				4B319F3E23BDBD480033641D /* AppDelegate.swift */,
				4B319F4023BDBD480033641D /* SceneDelegate.swift */,
				4B319F4223BDBD480033641D /* ViewController.swift */,
				4B319F4423BDBD480033641D /* Main.storyboard */,
				4B319F4723BDBD4C0033641D /* Assets.xcassets */,
				4B319F4923BDBD4C0033641D /* LaunchScreen.storyboard */,
				4B319F4C23BDBD4C0033641D /* Info.plist */,
			);
			path = json_fetch_2ndjan;
			sourceTree = "<group>";
		};
		4B319F5423BDBD4D0033641D /* json_fetch_2ndjanTests */ = {
			isa = PBXGroup;
			children = (
				4B319F5523BDBD4D0033641D /* json_fetch_2ndjanTests.swift */,
				4B319F5723BDBD4D0033641D /* Info.plist */,
			);
			path = json_fetch_2ndjanTests;
			sourceTree = "<group>";
		};
		4B319F5F23BDBD4D0033641D /* json_fetch_2ndjanUITests */ = {
			isa = PBXGroup;
			children = (
				4B319F6023BDBD4D0033641D /* json_fetch_2ndjanUITests.swift */,
				4B319F6223BDBD4D0033641D /* Info.plist */,
			);
			path = json_fetch_2ndjanUITests;
			sourceTree = "<group>";
		};
/* End PBXGroup section */

/* Begin PBXNativeTarget section */
		4B319F3A23BDBD480033641D /* json_fetch_2ndjan */ = {
			isa = PBXNativeTarget;
			buildConfigurationList = 4B319F6523BDBD4D0033641D /* Build configuration list for PBXNativeTarget "json_fetch_2ndjan" */;
			buildPhases = (
				4B319F3723BDBD480033641D /* Sources */,
				4B319F3823BDBD480033641D /* Frameworks */,
				4B319F3923BDBD480033641D /* Resources */,
			);
			buildRules = (
			);
			dependencies = (
			);
			name = json_fetch_2ndjan;
			productName = json_fetch_2ndjan;
			productReference = 4B319F3B23BDBD480033641D /* json_fetch_2ndjan.app */;
			productType = "com.apple.product-type.application";
		};
		4B319F5023BDBD4D0033641D /* json_fetch_2ndjanTests */ = {
			isa = PBXNativeTarget;
			buildConfigurationList = 4B319F6823BDBD4D0033641D /* Build configuration list for PBXNativeTarget "json_fetch_2ndjanTests" */;
			buildPhases = (
				4B319F4D23BDBD4D0033641D /* Sources */,
				4B319F4E23BDBD4D0033641D /* Frameworks */,
				4B319F4F23BDBD4D0033641D /* Resources */,
			);
			buildRules = (
			);
			dependencies = (
				4B319F5323BDBD4D0033641D /* PBXTargetDependency */,
			);
			name = json_fetch_2ndjanTests;
			productName = json_fetch_2ndjanTests;
			productReference = 4B319F5123BDBD4D0033641D /* json_fetch_2ndjanTests.xctest */;
			productType = "com.apple.product-type.bundle.unit-test";
		};
		4B319F5B23BDBD4D0033641D /* json_fetch_2ndjanUITests */ = {
			isa = PBXNativeTarget;
			buildConfigurationList = 4B319F6B23BDBD4D0033641D /* Build configuration list for PBXNativeTarget "json_fetch_2ndjanUITests" */;
			buildPhases = (
				4B319F5823BDBD4D0033641D /* Sources */,
				4B319F5923BDBD4D0033641D /* Frameworks */,
				4B319F5A23BDBD4D0033641D /* Resources */,
			);
			buildRules = (
			);
			dependencies = (
				4B319F5E23BDBD4D0033641D /* PBXTargetDependency */,
			);
			name = json_fetch_2ndjanUITests;
			productName = json_fetch_2ndjanUITests;
			productReference = 4B319F5C23BDBD4D0033641D /* json_fetch_2ndjanUITests.xctest */;
			productType = "com.apple.product-type.bundle.ui-testing";
		};
/* End PBXNativeTarget section */

/* Begin PBXProject section */
		4B319F3323BDBD480033641D /* Project object */ = {
			isa = PBXProject;
			attributes = {
				LastSwiftUpdateCheck = 1110;
				LastUpgradeCheck = 1110;
				ORGANIZATIONNAME = "Komal Barde";
				TargetAttributes = {
					4B319F3A23BDBD480033641D = {
						CreatedOnToolsVersion = 11.1;
					};
					4B319F5023BDBD4D0033641D = {
						CreatedOnToolsVersion = 11.1;
						TestTargetID = 4B319F3A23BDBD480033641D;
					};
					4B319F5B23BDBD4D0033641D = {
						CreatedOnToolsVersion = 11.1;
						TestTargetID = 4B319F3A23BDBD480033641D;
					};
				};
			};
			buildConfigurationList = 4B319F3623BDBD480033641D /* Build configuration list for PBXProject "json_fetch_2ndjan" */;
			compatibilityVersion = "Xcode 9.3";
			developmentRegion = en;
			hasScannedForEncodings = 0;
			knownRegions = (
				en,
				Base,
			);
			mainGroup = 4B319F3223BDBD480033641D;
			productRefGroup = 4B319F3C23BDBD480033641D /* Products */;
			projectDirPath = "";
			projectRoot = "";
			targets = (
				4B319F3A23BDBD480033641D /* json_fetch_2ndjan */,
				4B319F5023BDBD4D0033641D /* json_fetch_2ndjanTests */,
				4B319F5B23BDBD4D0033641D /* json_fetch_2ndjanUITests */,
			);
		};
/* End PBXProject section */

/* Begin PBXResourcesBuildPhase section */
		4B319F3923BDBD480033641D /* Resources */ = {
			isa = PBXResourcesBuildPhase;
			buildActionMask = 2147483647;
			files = (
				4B319F4B23BDBD4C0033641D /* LaunchScreen.storyboard in Resources */,
				4B319F4823BDBD4C0033641D /* Assets.xcassets in Resources */,
				4B319F4623BDBD480033641D /* Main.storyboard in Resources */,
			);
			runOnlyForDeploymentPostprocessing = 0;
		};
		4B319F4F23BDBD4D0033641D /* Resources */ = {
			isa = PBXResourcesBuildPhase;
			buildActionMask = 2147483647;
			files = (
			);
			runOnlyForDeploymentPostprocessing = 0;
		};
		4B319F5A23BDBD4D0033641D /* Resources */ = {
			isa = PBXResourcesBuildPhase;
			buildActionMask = 2147483647;
			files = (
			);
			runOnlyForDeploymentPostprocessing = 0;
		};
/* End PBXResourcesBuildPhase section */

/* Begin PBXSourcesBuildPhase section */
		4B319F3723BDBD480033641D /* Sources */ = {
			isa = PBXSourcesBuildPhase;
			buildActionMask = 2147483647;
			files = (
				4B319F4323BDBD480033641D /* ViewController.swift in Sources */,
				4B319F3F23BDBD480033641D /* AppDelegate.swift in Sources */,
				4B319F4123BDBD480033641D /* SceneDelegate.swift in Sources */,
			);
			runOnlyForDeploymentPostprocessing = 0;
		};
		4B319F4D23BDBD4D0033641D /* Sources */ = {
			isa = PBXSourcesBuildPhase;
			buildActionMask = 2147483647;
			files = (
				4B319F5623BDBD4D0033641D /* json_fetch_2ndjanTests.swift in Sources */,
			);
			runOnlyForDeploymentPostprocessing = 0;
		};
		4B319F5823BDBD4D0033641D /* Sources */ = {
			isa = PBXSourcesBuildPhase;
			buildActionMask = 2147483647;
			files = (
				4B319F6123BDBD4D0033641D /* json_fetch_2ndjanUITests.swift in Sources */,
			);
			runOnlyForDeploymentPostprocessing = 0;
		};
/* End PBXSourcesBuildPhase section */

/* Begin PBXTargetDependency section */
		4B319F5323BDBD4D0033641D /* PBXTargetDependency */ = {
			isa = PBXTargetDependency;
			target = 4B319F3A23BDBD480033641D /* json_fetch_2ndjan */;
			targetProxy = 4B319F5223BDBD4D0033641D /* PBXContainerItemProxy */;
		};
		4B319F5E23BDBD4D0033641D /* PBXTargetDependency */ = {
			isa = PBXTargetDependency;
			target = 4B319F3A23BDBD480033641D /* json_fetch_2ndjan */;
			targetProxy = 4B319F5D23BDBD4D0033641D /* PBXContainerItemProxy */;
		};
/* End PBXTargetDependency section */

/* Begin PBXVariantGroup section */
		4B319F4423BDBD480033641D /* Main.storyboard */ = {
			isa = PBXVariantGroup;
			children = (
				4B319F4523BDBD480033641D /* Base */,
			);
			name = Main.storyboard;
			sourceTree = "<group>";
		};
		4B319F4923BDBD4C0033641D /* LaunchScreen.storyboard */ = {
			isa = PBXVariantGroup;
			children = (
				4B319F4A23BDBD4C0033641D /* Base */,
			);
			name = LaunchScreen.storyboard;
			sourceTree = "<group>";
		};
/* End PBXVariantGroup section */

/* Begin XCBuildConfiguration section */
		4B319F6323BDBD4D0033641D /* Debug */ = {
			isa = XCBuildConfiguration;
			buildSettings = {
				ALWAYS_SEARCH_USER_PATHS = NO;
				CLANG_ANALYZER_NONNULL = YES;
				CLANG_ANALYZER_NUMBER_OBJECT_CONVERSION = YES_AGGRESSIVE;
				CLANG_CXX_LANGUAGE_STANDARD = "gnu++14";
				CLANG_CXX_LIBRARY = "libc++";
				CLANG_ENABLE_MODULES = YES;
				CLANG_ENABLE_OBJC_ARC = YES;
				CLANG_ENABLE_OBJC_WEAK = YES;
				CLANG_WARN_BLOCK_CAPTURE_AUTORELEASING = YES;
				CLANG_WARN_BOOL_CONVERSION = YES;
				CLANG_WARN_COMMA = YES;
				CLANG_WARN_CONSTANT_CONVERSION = YES;
				CLANG_WARN_DEPRECATED_OBJC_IMPLEMENTATIONS = YES;
				CLANG_WARN_DIRECT_OBJC_ISA_USAGE = YES_ERROR;
				CLANG_WARN_DOCUMENTATION_COMMENTS = YES;
				CLANG_WARN_EMPTY_BODY = YES;
				CLANG_WARN_ENUM_CONVERSION = YES;
				CLANG_WARN_INFINITE_RECURSION = YES;
				CLANG_WARN_INT_CONVERSION = YES;
				CLANG_WARN_NON_LITERAL_NULL_CONVERSION = YES;
				CLANG_WARN_OBJC_IMPLICIT_RETAIN_SELF = YES;
				CLANG_WARN_OBJC_LITERAL_CONVERSION = YES;
				CLANG_WARN_OBJC_ROOT_CLASS = YES_ERROR;
				CLANG_WARN_RANGE_LOOP_ANALYSIS = YES;
				CLANG_WARN_STRICT_PROTOTYPES = YES;
				CLANG_WARN_SUSPICIOUS_MOVE = YES;
				CLANG_WARN_UNGUARDED_AVAILABILITY = YES_AGGRESSIVE;
				CLANG_WARN_UNREACHABLE_CODE = YES;
				CLANG_WARN__DUPLICATE_METHOD_MATCH = YES;
				COPY_PHASE_STRIP = NO;
				DEBUG_INFORMATION_FORMAT = dwarf;
				ENABLE_STRICT_OBJC_MSGSEND = YES;
				ENABLE_TESTABILITY = YES;
				GCC_C_LANGUAGE_STANDARD = gnu11;
				GCC_DYNAMIC_NO_PIC = NO;
				GCC_NO_COMMON_BLOCKS = YES;
				GCC_OPTIMIZATION_LEVEL = 0;
				GCC_PREPROCESSOR_DEFINITIONS = (
					"DEBUG=1",
					"$(inherited)",
				);
				GCC_WARN_64_TO_32_BIT_CONVERSION = YES;
				GCC_WARN_ABOUT_RETURN_TYPE = YES_ERROR;
				GCC_WARN_UNDECLARED_SELECTOR = YES;
				GCC_WARN_UNINITIALIZED_AUTOS = YES_AGGRESSIVE;
				GCC_WARN_UNUSED_FUNCTION = YES;
				GCC_WARN_UNUSED_VARIABLE = YES;
				IPHONEOS_DEPLOYMENT_TARGET = 13.1;
				MTL_ENABLE_DEBUG_INFO = INCLUDE_SOURCE;
				MTL_FAST_MATH = YES;
				ONLY_ACTIVE_ARCH = YES;
				SDKROOT = iphoneos;
				SWIFT_ACTIVE_COMPILATION_CONDITIONS = DEBUG;
				SWIFT_OPTIMIZATION_LEVEL = "-Onone";
			};
			name = Debug;
		};
		4B319F6423BDBD4D0033641D /* Release */ = {
			isa = XCBuildConfiguration;
			buildSettings = {
				ALWAYS_SEARCH_USER_PATHS = NO;
				CLANG_ANALYZER_NONNULL = YES;
				CLANG_ANALYZER_NUMBER_OBJECT_CONVERSION = YES_AGGRESSIVE;
				CLANG_CXX_LANGUAGE_STANDARD = "gnu++14";
				CLANG_CXX_LIBRARY = "libc++";
				CLANG_ENABLE_MODULES = YES;
				CLANG_ENABLE_OBJC_ARC = YES;
				CLANG_ENABLE_OBJC_WEAK = YES;
				CLANG_WARN_BLOCK_CAPTURE_AUTORELEASING = YES;
				CLANG_WARN_BOOL_CONVERSION = YES;
				CLANG_WARN_COMMA = YES;
				CLANG_WARN_CONSTANT_CONVERSION = YES;
				CLANG_WARN_DEPRECATED_OBJC_IMPLEMENTATIONS = YES;
				CLANG_WARN_DIRECT_OBJC_ISA_USAGE = YES_ERROR;
				CLANG_WARN_DOCUMENTATION_COMMENTS = YES;
				CLANG_WARN_EMPTY_BODY = YES;
				CLANG_WARN_ENUM_CONVERSION = YES;
				CLANG_WARN_INFINITE_RECURSION = YES;
				CLANG_WARN_INT_CONVERSION = YES;
				CLANG_WARN_NON_LITERAL_NULL_CONVERSION = YES;
				CLANG_WARN_OBJC_IMPLICIT_RETAIN_SELF = YES;
				CLANG_WARN_OBJC_LITERAL_CONVERSION = YES;
				CLANG_WARN_OBJC_ROOT_CLASS = YES_ERROR;
				CLANG_WARN_RANGE_LOOP_ANALYSIS = YES;
				CLANG_WARN_STRICT_PROTOTYPES = YES;
				CLANG_WARN_SUSPICIOUS_MOVE = YES;
				CLANG_WARN_UNGUARDED_AVAILABILITY = YES_AGGRESSIVE;
				CLANG_WARN_UNREACHABLE_CODE = YES;
				CLANG_WARN__DUPLICATE_METHOD_MATCH = YES;
				COPY_PHASE_STRIP = NO;
				DEBUG_INFORMATION_FORMAT = "dwarf-with-dsym";
				ENABLE_NS_ASSERTIONS = NO;
				ENABLE_STRICT_OBJC_MSGSEND = YES;
				GCC_C_LANGUAGE_STANDARD = gnu11;
				GCC_NO_COMMON_BLOCKS = YES;
				GCC_WARN_64_TO_32_BIT_CONVERSION = YES;
				GCC_WARN_ABOUT_RETURN_TYPE = YES_ERROR;
				GCC_WARN_UNDECLARED_SELECTOR = YES;
				GCC_WARN_UNINITIALIZED_AUTOS = YES_AGGRESSIVE;
				GCC_WARN_UNUSED_FUNCTION = YES;
				GCC_WARN_UNUSED_VARIABLE = YES;
				IPHONEOS_DEPLOYMENT_TARGET = 13.1;
				MTL_ENABLE_DEBUG_INFO = NO;
				MTL_FAST_MATH = YES;
				SDKROOT = iphoneos;
				SWIFT_COMPILATION_MODE = wholemodule;
				SWIFT_OPTIMIZATION_LEVEL = "-O";
				VALIDATE_PRODUCT = YES;
			};
			name = Release;
		};
		4B319F6623BDBD4D0033641D /* Debug */ = {
			isa = XCBuildConfiguration;
			buildSettings = {
				ASSETCATALOG_COMPILER_APPICON_NAME = AppIcon;
				CODE_SIGN_STYLE = Automatic;
				INFOPLIST_FILE = json_fetch_2ndjan/Info.plist;
				LD_RUNPATH_SEARCH_PATHS = (
					"$(inherited)",
					"@executable_path/Frameworks",
				);
				PRODUCT_BUNDLE_IDENTIFIER = "com.vibeosys.com.json-fetch-2ndjan";
				PRODUCT_NAME = "$(TARGET_NAME)";
				SWIFT_VERSION = 5.0;
				TARGETED_DEVICE_FAMILY = "1,2";
			};
			name = Debug;
		};
		4B319F6723BDBD4D0033641D /* Release */ = {
			isa = XCBuildConfiguration;
			buildSettings = {
				ASSETCATALOG_COMPILER_APPICON_NAME = AppIcon;
				CODE_SIGN_STYLE = Automatic;
				INFOPLIST_FILE = json_fetch_2ndjan/Info.plist;
				LD_RUNPATH_SEARCH_PATHS = (
					"$(inherited)",
					"@executable_path/Frameworks",
				);
				PRODUCT_BUNDLE_IDENTIFIER = "com.vibeosys.com.json-fetch-2ndjan";
				PRODUCT_NAME = "$(TARGET_NAME)";
				SWIFT_VERSION = 5.0;
				TARGETED_DEVICE_FAMILY = "1,2";
			};
			name = Release;
		};
		4B319F6923BDBD4D0033641D /* Debug */ = {
			isa = XCBuildConfiguration;
			buildSettings = {
				ALWAYS_EMBED_SWIFT_STANDARD_LIBRARIES = YES;
				BUNDLE_LOADER = "$(TEST_HOST)";
				CODE_SIGN_STYLE = Automatic;
				INFOPLIST_FILE = json_fetch_2ndjanTests/Info.plist;
				IPHONEOS_DEPLOYMENT_TARGET = 13.1;
				LD_RUNPATH_SEARCH_PATHS = (
					"$(inherited)",
					"@executable_path/Frameworks",
					"@loader_path/Frameworks",
				);
				PRODUCT_BUNDLE_IDENTIFIER = "com.vibeosys.com.json-fetch-2ndjanTests";
				PRODUCT_NAME = "$(TARGET_NAME)";
				SWIFT_VERSION = 5.0;
				TARGETED_DEVICE_FAMILY = "1,2";
				TEST_HOST = "$(BUILT_PRODUCTS_DIR)/json_fetch_2ndjan.app/json_fetch_2ndjan";
			};
			name = Debug;
		};
		4B319F6A23BDBD4D0033641D /* Release */ = {
			isa = XCBuildConfiguration;
			buildSettings = {
				ALWAYS_EMBED_SWIFT_STANDARD_LIBRARIES = YES;
				BUNDLE_LOADER = "$(TEST_HOST)";
				CODE_SIGN_STYLE = Automatic;
				INFOPLIST_FILE = json_fetch_2ndjanTests/Info.plist;
				IPHONEOS_DEPLOYMENT_TARGET = 13.1;
				LD_RUNPATH_SEARCH_PATHS = (
					"$(inherited)",
					"@executable_path/Frameworks",
					"@loader_path/Frameworks",
				);
				PRODUCT_BUNDLE_IDENTIFIER = "com.vibeosys.com.json-fetch-2ndjanTests";
				PRODUCT_NAME = "$(TARGET_NAME)";
				SWIFT_VERSION = 5.0;
				TARGETED_DEVICE_FAMILY = "1,2";
				TEST_HOST = "$(BUILT_PRODUCTS_DIR)/json_fetch_2ndjan.app/json_fetch_2ndjan";
			};
			name = Release;
		};
		4B319F6C23BDBD4D0033641D /* Debug */ = {
			isa = XCBuildConfiguration;
			buildSettings = {
				ALWAYS_EMBED_SWIFT_STANDARD_LIBRARIES = YES;
				CODE_SIGN_STYLE = Automatic;
				INFOPLIST_FILE = json_fetch_2ndjanUITests/Info.plist;
				LD_RUNPATH_SEARCH_PATHS = (
					"$(inherited)",
					"@executable_path/Frameworks",
					"@loader_path/Frameworks",
				);
				PRODUCT_BUNDLE_IDENTIFIER = "com.vibeosys.com.json-fetch-2ndjanUITests";
				PRODUCT_NAME = "$(TARGET_NAME)";
				SWIFT_VERSION = 5.0;
				TARGETED_DEVICE_FAMILY = "1,2";
				TEST_TARGET_NAME = json_fetch_2ndjan;
			};
			name = Debug;
		};
		4B319F6D23BDBD4D0033641D /* Release */ = {
			isa = XCBuildConfiguration;
			buildSettings = {
				ALWAYS_EMBED_SWIFT_STANDARD_LIBRARIES = YES;
				CODE_SIGN_STYLE = Automatic;
				INFOPLIST_FILE = json_fetch_2ndjanUITests/Info.plist;
				LD_RUNPATH_SEARCH_PATHS = (
					"$(inherited)",
					"@executable_path/Frameworks",
					"@loader_path/Frameworks",
				);
				PRODUCT_BUNDLE_IDENTIFIER = "com.vibeosys.com.json-fetch-2ndjanUITests";
				PRODUCT_NAME = "$(TARGET_NAME)";
				SWIFT_VERSION = 5.0;
				TARGETED_DEVICE_FAMILY = "1,2";
				TEST_TARGET_NAME = json_fetch_2ndjan;
			};
			name = Release;
		};
/* End XCBuildConfiguration section */

/* Begin XCConfigurationList section */
		4B319F3623BDBD480033641D /* Build configuration list for PBXProject "json_fetch_2ndjan" */ = {
			isa = XCConfigurationList;
			buildConfigurations = (
				4B319F6323BDBD4D0033641D /* Debug */,
				4B319F6423BDBD4D0033641D /* Release */,
			);
			defaultConfigurationIsVisible = 0;
			defaultConfigurationName = Release;
		};
		4B319F6523BDBD4D0033641D /* Build configuration list for PBXNativeTarget "json_fetch_2ndjan" */ = {
			isa = XCConfigurationList;
			buildConfigurations = (
				4B319F6623BDBD4D0033641D /* Debug */,
				4B319F6723BDBD4D0033641D /* Release */,
			);
			defaultConfigurationIsVisible = 0;
			defaultConfigurationName = Release;
		};
		4B319F6823BDBD4D0033641D /* Build configuration list for PBXNativeTarget "json_fetch_2ndjanTests" */ = {
			isa = XCConfigurationList;
			buildConfigurations = (
				4B319F6923BDBD4D0033641D /* Debug */,
				4B319F6A23BDBD4D0033641D /* Release */,
			);
			defaultConfigurationIsVisible = 0;
			defaultConfigurationName = Release;
		};
		4B319F6B23BDBD4D0033641D /* Build configuration list for PBXNativeTarget "json_fetch_2ndjanUITests" */ = {
			isa = XCConfigurationList;
			buildConfigurations = (
				4B319F6C23BDBD4D0033641D /* Debug */,
				4B319F6D23BDBD4D0033641D /* Release */,
			);
			defaultConfigurationIsVisible = 0;
			defaultConfigurationName = Release;
		};
/* End XCConfigurationList section */
	};
	rootObject = 4B319F3323BDBD480033641D /* Project object */;
}
